
Microsoft Visual Studio Solution File, Format Version 12.00
# Visual Studio Version 17
VisualStudioVersion = 17.0.32112.339
MinimumVisualStudioVersion = 10.0.40219.1
Project("{FAE04EC0-301F-11D3-BF4B-00C04F79EFBC}") = "KamilNiewiadomski", "KamilNiewiadomski\KamilNiewiadomski.csproj", "{F9CE8F40-3B20-4493-87B0-7D1B2ACF5580}"
EndProject
Global
	GlobalSection(SolutionConfigurationPlatforms) = preSolution
		Debug|Any CPU = Debug|Any CPU
		Release|Any CPU = Release|Any CPU
	EndGlobalSection
	GlobalSection(ProjectConfigurationPlatforms) = postSolution
		{F9CE8F40-3B20-4493-87B0-7D1B2ACF5580}.Debug|Any CPU.ActiveCfg = Debug|Any CPU
		{F9CE8F40-3B20-4493-87B0-7D1B2ACF5580}.Debug|Any CPU.Build.0 = Debug|Any CPU
		{F9CE8F40-3B20-4493-87B0-7D1B2ACF5580}.Release|Any CPU.ActiveCfg = Release|Any CPU
		{F9CE8F40-3B20-4493-87B0-7D1B2ACF5580}.Release|Any CPU.Build.0 = Release|Any CPU
	EndGlobalSection
	GlobalSection(SolutionProperties) = preSolution
		HideSolutionNode = FALSE
	EndGlobalSection
	GlobalSection(ExtensibilityGlobals) = postSolution
		SolutionGuid = {B3F6D082-9596-4982-8DA3-3EA7942347AC}
	EndGlobalSection
EndGlobal
