
Microsoft Visual Studio Solution File, Format Version 12.00
# Visual Studio Version 16
VisualStudioVersion = 16.0.31624.102
MinimumVisualStudioVersion = 10.0.40219.1
Project("{FAE04EC0-301F-11D3-BF4B-00C04F79EFBC}") = "FormularzWłasne", "FormularzWłasne.csproj", "{341794AE-0CFA-4D6A-80A5-424B1769FFA5}"
EndProject
Global
	GlobalSection(SolutionConfigurationPlatforms) = preSolution
		Debug|Any CPU = Debug|Any CPU
		Release|Any CPU = Release|Any CPU
	EndGlobalSection
	GlobalSection(ProjectConfigurationPlatforms) = postSolution
		{341794AE-0CFA-4D6A-80A5-424B1769FFA5}.Debug|Any CPU.ActiveCfg = Debug|Any CPU
		{341794AE-0CFA-4D6A-80A5-424B1769FFA5}.Debug|Any CPU.Build.0 = Debug|Any CPU
		{341794AE-0CFA-4D6A-80A5-424B1769FFA5}.Release|Any CPU.ActiveCfg = Release|Any CPU
		{341794AE-0CFA-4D6A-80A5-424B1769FFA5}.Release|Any CPU.Build.0 = Release|Any CPU
	EndGlobalSection
	GlobalSection(SolutionProperties) = preSolution
		HideSolutionNode = FALSE
	EndGlobalSection
	GlobalSection(ExtensibilityGlobals) = postSolution
		SolutionGuid = {E4F01AC5-1428-4122-BACD-690A8A95A029}
	EndGlobalSection
EndGlobal
