
Microsoft Visual Studio Solution File, Format Version 12.00
# Visual Studio Version 17
VisualStudioVersion = 17.3.32819.101
MinimumVisualStudioVersion = 10.0.40219.1
Project("{FAE04EC0-301F-11D3-BF4B-00C04F79EFBC}") = "Powtorzeniowe 1", "Powtorzeniowe 1\Powtorzeniowe 1.csproj", "{A59704B8-28D6-4EE2-BC2F-B3DC3EDB84DA}"
EndProject
Global
	GlobalSection(SolutionConfigurationPlatforms) = preSolution
		Debug|Any CPU = Debug|Any CPU
		Release|Any CPU = Release|Any CPU
	EndGlobalSection
	GlobalSection(ProjectConfigurationPlatforms) = postSolution
		{A59704B8-28D6-4EE2-BC2F-B3DC3EDB84DA}.Debug|Any CPU.ActiveCfg = Debug|Any CPU
		{A59704B8-28D6-4EE2-BC2F-B3DC3EDB84DA}.Debug|Any CPU.Build.0 = Debug|Any CPU
		{A59704B8-28D6-4EE2-BC2F-B3DC3EDB84DA}.Release|Any CPU.ActiveCfg = Release|Any CPU
		{A59704B8-28D6-4EE2-BC2F-B3DC3EDB84DA}.Release|Any CPU.Build.0 = Release|Any CPU
	EndGlobalSection
	GlobalSection(SolutionProperties) = preSolution
		HideSolutionNode = FALSE
	EndGlobalSection
	GlobalSection(ExtensibilityGlobals) = postSolution
		SolutionGuid = {6F6EB74B-5D9E-4A2F-A1FA-9B95E5FCB727}
	EndGlobalSection
EndGlobal
